{
  "name": "toolmoniq",
  "version": "1.0.0",
  "lockfileVersion": 3,
  "requires": true,
  "packages": {
    "": {
      "name": "toolmoniq",
      "version": "1.0.0",
      "dependencies": {
        "react": "^18.2.0",
        "react-dom": "^18.2.0",
        "react-router-dom": "^6.25.0",
        "socket.io-client": "^4.7.5"
      },
      "devDependencies": {
        "vite": "^5.3.5",
        "@vitejs/plugin-react": "^4.3.1"
      }
    }
  },
  "dependencies": {
    "socket.io-client": {
      "version": "4.7.5"
    },
    "react": {
      "version": "18.2.0"
    },
    "react-dom": {
      "version": "18.2.0"
    },
    "react-router-dom": {
      "version": "6.25.0"
    },
    "vite": {
      "version": "5.3.5"
    },
    "@vitejs/plugin-react": {
      "version": "4.3.1"
    }
  }
}