lockfileVersion: '9.0'
settings:
  autoInstallPeers: true
  excludeLinksFromLockfile: false
importers:
  .:
    dependencies:
      react:
        specifier: ^18.2.0
        version: 18.2.0
      react-dom:
        specifier: ^18.2.0
        version: 18.2.0
      react-router-dom:
        specifier: ^6.25.0
        version: 6.25.0
      socket.io-client:
        specifier: ^4.7.5
        version: 4.7.5
    devDependencies:
      vite:
        specifier: ^5.3.5
        version: 5.3.5
      "@vitejs/plugin-react":
        specifier: ^4.3.1
        version: 4.3.1
